// !$*UTF8*$!
{
	archiveVersion = 1;
	classes = {
	};
	objectVersion = 46;
	objects = {

/* Begin PBXBuildFile section */
		177D0FB518F44B8A0055496E /* Foundation.framework in Frameworks */ = {isa = PBXBuildFile; fileRef = 177D0FB418F44B8A0055496E /* Foundation.framework */; };
		177D0FB718F44B8A0055496E /* CoreGraphics.framework in Frameworks */ = {isa = PBXBuildFile; fileRef = 177D0FB618F44B8A0055496E /* CoreGraphics.framework */; };
		177D0FB918F44B8A0055496E /* UIKit.framework in Frameworks */ = {isa = PBXBuildFile; fileRef = 177D0FB818F44B8A0055496E /* UIKit.framework */; };
		177D0FBB18F44B8A0055496E /* GLKit.framework in Frameworks */ = {isa = PBXBuildFile; fileRef = 177D0FBA18F44B8A0055496E /* GLKit.framework */; };
		177D0FBD18F44B8A0055496E /* OpenGLES.framework in Frameworks */ = {isa = PBXBuildFile; fileRef = 177D0FBC18F44B8A0055496E /* OpenGLES.framework */; };
		177D0FC318F44B8A0055496E /* InfoPlist.strings in Resources */ = {isa = PBXBuildFile; fileRef = 177D0FC118F44B8A0055496E /* InfoPlist.strings */; };
		177D0FC518F44B8A0055496E /* main.m in Sources */ = {isa = PBXBuildFile; fileRef = 177D0FC418F44B8A0055496E /* main.m */; };
		177D0FC918F44B8A0055496E /* AppDelegate.m in Sources */ = {isa = PBXBuildFile; fileRef = 177D0FC818F44B8A0055496E /* AppDelegate.m */; };
		177D0FCC18F44B8A0055496E /* Main_iPhone.storyboard in Resources */ = {isa = PBXBuildFile; fileRef = 177D0FCA18F44B8A0055496E /* Main_iPhone.storyboard */; };
		177D0FCF18F44B8A0055496E /* Main_iPad.storyboard in Resources */ = {isa = PBXBuildFile; fileRef = 177D0FCD18F44B8A0055496E /* Main_iPad.storyboard */; };
		177D0FD118F44B8A0055496E /* Shader.fsh in Resources */ = {isa = PBXBuildFile; fileRef = 177D0FD018F44B8A0055496E /* Shader.fsh */; };
		177D0FD318F44B8A0055496E /* Shader.vsh in Resources */ = {isa = PBXBuildFile; fileRef = 177D0FD218F44B8A0055496E /* Shader.vsh */; };
		177D0FD618F44B8A0055496E /* ViewController.m in Sources */ = {isa = PBXBuildFile; fileRef = 177D0FD518F44B8A0055496E /* ViewController.m */; };
		177D0FD818F44B8A0055496E /* Images.xcassets in Resources */ = {isa = PBXBuildFile; fileRef = 177D0FD718F44B8A0055496E /* Images.xcassets */; };
		177D0FDF18F44B8A0055496E /* XCTest.framework in Frameworks */ = {isa = PBXBuildFile; fileRef = 177D0FDE18F44B8A0055496E /* XCTest.framework */; };
		177D0FE018F44B8A0055496E /* Foundation.framework in Frameworks */ = {isa = PBXBuildFile; fileRef = 177D0FB418F44B8A0055496E /* Foundation.framework */; };
		177D0FE118F44B8A0055496E /* UIKit.framework in Frameworks */ = {isa = PBXBuildFile; fileRef = 177D0FB818F44B8A0055496E /* UIKit.framework */; };
		177D0FE918F44B8A0055496E /* InfoPlist.strings in Resources */ = {isa = PBXBuildFile; fileRef = 177D0FE718F44B8A0055496E /* InfoPlist.strings */; };
		177D0FEB18F44B8A0055496E /* CMYKTests.m in Sources */ = {isa = PBXBuildFile; fileRef = 177D0FEA18F44B8A0055496E /* CMYKTests.m */; };
		177D0FF518F44BAC0055496E /* GameKit.framework in Frameworks */ = {isa = PBXBuildFile; fileRef = 177D0FF418F44BAC0055496E /* GameKit.framework */; };
		177D0FF918F44D710055496E /* QX3DEngine.m in Sources */ = {isa = PBXBuildFile; fileRef = 177D0FF818F44D710055496E /* QX3DEngine.m */; };
		177D0FFC18F4658A0055496E /* QX3DScene.m in Sources */ = {isa = PBXBuildFile; fileRef = 177D0FFB18F4658A0055496E /* QX3DScene.m */; };
		177D100018F4663D0055496E /* CMYKScene.m in Sources */ = {isa = PBXBuildFile; fileRef = 177D0FFF18F4663D0055496E /* CMYKScene.m */; };
/* End PBXBuildFile section */

/* Begin PBXContainerItemProxy section */
		177D0FE218F44B8A0055496E /* PBXContainerItemProxy */ = {
			isa = PBXContainerItemProxy;
			containerPortal = 177D0FA918F44B8A0055496E /* Project object */;
			proxyType = 1;
			remoteGlobalIDString = 177D0FB018F44B8A0055496E;
			remoteInfo = CMYK;
		};
/* End PBXContainerItemProxy section */

/* Begin PBXFileReference section */
		177D0FB118F44B8A0055496E /* CMYK.app */ = {isa = PBXFileReference; explicitFileType = wrapper.application; includeInIndex = 0; path = CMYK.app; sourceTree = BUILT_PRODUCTS_DIR; };
		177D0FB418F44B8A0055496E /* Foundation.framework */ = {isa = PBXFileReference; lastKnownFileType = wrapper.framework; name = Foundation.framework; path = System/Library/Frameworks/Foundation.framework; sourceTree = SDKROOT; };
		177D0FB618F44B8A0055496E /* CoreGraphics.framework */ = {isa = PBXFileReference; lastKnownFileType = wrapper.framework; name = CoreGraphics.framework; path = System/Library/Frameworks/CoreGraphics.framework; sourceTree = SDKROOT; };
		177D0FB818F44B8A0055496E /* UIKit.framework */ = {isa = PBXFileReference; lastKnownFileType = wrapper.framework; name = UIKit.framework; path = System/Library/Frameworks/UIKit.framework; sourceTree = SDKROOT; };
		177D0FBA18F44B8A0055496E /* GLKit.framework */ = {isa = PBXFileReference; lastKnownFileType = wrapper.framework; name = GLKit.framework; path = System/Library/Frameworks/GLKit.framework; sourceTree = SDKROOT; };
		177D0FBC18F44B8A0055496E /* OpenGLES.framework */ = {isa = PBXFileReference; lastKnownFileType = wrapper.framework; name = OpenGLES.framework; path = System/Library/Frameworks/OpenGLES.framework; sourceTree = SDKROOT; };
		177D0FC018F44B8A0055496E /* CMYK-Info.plist */ = {isa = PBXFileReference; lastKnownFileType = text.plist.xml; path = "CMYK-Info.plist"; sourceTree = "<group>"; };
		177D0FC218F44B8A0055496E /* en */ = {isa = PBXFileReference; lastKnownFileType = text.plist.strings; name = en; path = en.lproj/InfoPlist.strings; sourceTree = "<group>"; };
		177D0FC418F44B8A0055496E /* main.m */ = {isa = PBXFileReference; lastKnownFileType = sourcecode.c.objc; path = main.m; sourceTree = "<group>"; };
		177D0FC618F44B8A0055496E /* CMYK-Prefix.pch */ = {isa = PBXFileReference; lastKnownFileType = sourcecode.c.h; path = "CMYK-Prefix.pch"; sourceTree = "<group>"; };
		177D0FC718F44B8A0055496E /* AppDelegate.h */ = {isa = PBXFileReference; lastKnownFileType = sourcecode.c.h; path = AppDelegate.h; sourceTree = "<group>"; };
		177D0FC818F44B8A0055496E /* AppDelegate.m */ = {isa = PBXFileReference; lastKnownFileType = sourcecode.c.objc; path = AppDelegate.m; sourceTree = "<group>"; };
		177D0FCB18F44B8A0055496E /* Base */ = {isa = PBXFileReference; lastKnownFileType = file.storyboard; name = Base; path = Base.lproj/Main_iPhone.storyboard; sourceTree = "<group>"; };
		177D0FCE18F44B8A0055496E /* Base */ = {isa = PBXFileReference; lastKnownFileType = file.storyboard; name = Base; path = Base.lproj/Main_iPad.storyboard; sourceTree = "<group>"; };
		177D0FD018F44B8A0055496E /* Shader.fsh */ = {isa = PBXFileReference; lastKnownFileType = sourcecode.glsl; name = Shader.fsh; path = Shaders/Shader.fsh; sourceTree = "<group>"; };
		177D0FD218F44B8A0055496E /* Shader.vsh */ = {isa = PBXFileReference; lastKnownFileType = sourcecode.glsl; name = Shader.vsh; path = Shaders/Shader.vsh; sourceTree = "<group>"; };
		177D0FD418F44B8A0055496E /* ViewController.h */ = {isa = PBXFileReference; lastKnownFileType = sourcecode.c.h; path = ViewController.h; sourceTree = "<group>"; };
		177D0FD518F44B8A0055496E /* ViewController.m */ = {isa = PBXFileReference; lastKnownFileType = sourcecode.c.objc; path = ViewController.m; sourceTree = "<group>"; };
		177D0FD718F44B8A0055496E /* Images.xcassets */ = {isa = PBXFileReference; lastKnownFileType = folder.assetcatalog; path = Images.xcassets; sourceTree = "<group>"; };
		177D0FDD18F44B8A0055496E /* CMYKTests.xctest */ = {isa = PBXFileReference; explicitFileType = wrapper.cfbundle; includeInIndex = 0; path = CMYKTests.xctest; sourceTree = BUILT_PRODUCTS_DIR; };
		177D0FDE18F44B8A0055496E /* XCTest.framework */ = {isa = PBXFileReference; lastKnownFileType = wrapper.framework; name = XCTest.framework; path = Library/Frameworks/XCTest.framework; sourceTree = DEVELOPER_DIR; };
		177D0FE618F44B8A0055496E /* CMYKTests-Info.plist */ = {isa = PBXFileReference; lastKnownFileType = text.plist.xml; path = "CMYKTests-Info.plist"; sourceTree = "<group>"; };
		177D0FE818F44B8A0055496E /* en */ = {isa = PBXFileReference; lastKnownFileType = text.plist.strings; name = en; path = en.lproj/InfoPlist.strings; sourceTree = "<group>"; };
		177D0FEA18F44B8A0055496E /* CMYKTests.m */ = {isa = PBXFileReference; lastKnownFileType = sourcecode.c.objc; path = CMYKTests.m; sourceTree = "<group>"; };
		177D0FF418F44BAC0055496E /* GameKit.framework */ = {isa = PBXFileReference; lastKnownFileType = wrapper.framework; name = GameKit.framework; path = System/Library/Frameworks/GameKit.framework; sourceTree = SDKROOT; };
		177D0FF718F44D710055496E /* QX3DEngine.h */ = {isa = PBXFileReference; fileEncoding = 4; lastKnownFileType = sourcecode.c.h; path = QX3DEngine.h; sourceTree = "<group>"; };
		177D0FF818F44D710055496E /* QX3DEngine.m */ = {isa = PBXFileReference; fileEncoding = 4; lastKnownFileType = sourcecode.c.objc; path = QX3DEngine.m; sourceTree = "<group>"; };
		177D0FFA18F4658A0055496E /* QX3DScene.h */ = {isa = PBXFileReference; fileEncoding = 4; lastKnownFileType = sourcecode.c.h; path = QX3DScene.h; sourceTree = "<group>"; };
		177D0FFB18F4658A0055496E /* QX3DScene.m */ = {isa = PBXFileReference; fileEncoding = 4; lastKnownFileType = sourcecode.c.objc; path = QX3DScene.m; sourceTree = "<group>"; };
		177D0FFE18F4663D0055496E /* CMYKScene.h */ = {isa = PBXFileReference; fileEncoding = 4; lastKnownFileType = sourcecode.c.h; path = CMYKScene.h; sourceTree = "<group>"; };
		177D0FFF18F4663D0055496E /* CMYKScene.m */ = {isa = PBXFileReference; fileEncoding = 4; lastKnownFileType = sourcecode.c.objc; path = CMYKScene.m; sourceTree = "<group>"; };
/* End PBXFileReference section */

/* Begin PBXFrameworksBuildPhase section */
		177D0FAE18F44B8A0055496E /* Frameworks */ = {
			isa = PBXFrameworksBuildPhase;
			buildActionMask = 2147483647;
			files = (
				177D0FBD18F44B8A0055496E /* OpenGLES.framework in Frameworks */,
				177D0FB718F44B8A0055496E /* CoreGraphics.framework in Frameworks */,
				177D0FB918F44B8A0055496E /* UIKit.framework in Frameworks */,
				177D0FF518F44BAC0055496E /* GameKit.framework in Frameworks */,
				177D0FBB18F44B8A0055496E /* GLKit.framework in Frameworks */,
				177D0FB518F44B8A0055496E /* Foundation.framework in Frameworks */,
			);
			runOnlyForDeploymentPostprocessing = 0;
		};
		177D0FDA18F44B8A0055496E /* Frameworks */ = {
			isa = PBXFrameworksBuildPhase;
			buildActionMask = 2147483647;
			files = (
				177D0FDF18F44B8A0055496E /* XCTest.framework in Frameworks */,
				177D0FE118F44B8A0055496E /* UIKit.framework in Frameworks */,
				177D0FE018F44B8A0055496E /* Foundation.framework in Frameworks */,
			);
			runOnlyForDeploymentPostprocessing = 0;
		};
/* End PBXFrameworksBuildPhase section */

/* Begin PBXGroup section */
		177D0FA818F44B8A0055496E = {
			isa = PBXGroup;
			children = (
				177D0FBE18F44B8A0055496E /* CMYK */,
				177D0FE418F44B8A0055496E /* CMYKTests */,
				177D0FB318F44B8A0055496E /* Frameworks */,
				177D0FB218F44B8A0055496E /* Products */,
			);
			sourceTree = "<group>";
		};
		177D0FB218F44B8A0055496E /* Products */ = {
			isa = PBXGroup;
			children = (
				177D0FB118F44B8A0055496E /* CMYK.app */,
				177D0FDD18F44B8A0055496E /* CMYKTests.xctest */,
			);
			name = Products;
			sourceTree = "<group>";
		};
		177D0FB318F44B8A0055496E /* Frameworks */ = {
			isa = PBXGroup;
			children = (
				177D0FF418F44BAC0055496E /* GameKit.framework */,
				177D0FB418F44B8A0055496E /* Foundation.framework */,
				177D0FB618F44B8A0055496E /* CoreGraphics.framework */,
				177D0FB818F44B8A0055496E /* UIKit.framework */,
				177D0FBA18F44B8A0055496E /* GLKit.framework */,
				177D0FBC18F44B8A0055496E /* OpenGLES.framework */,
				177D0FDE18F44B8A0055496E /* XCTest.framework */,
			);
			name = Frameworks;
			sourceTree = "<group>";
		};
		177D0FBE18F44B8A0055496E /* CMYK */ = {
			isa = PBXGroup;
			children = (
				177D0FFD18F466280055496E /* Implementation */,
				177D0FF618F44D450055496E /* QX3D */,
				177D0FC718F44B8A0055496E /* AppDelegate.h */,
				177D0FC818F44B8A0055496E /* AppDelegate.m */,
				177D0FCA18F44B8A0055496E /* Main_iPhone.storyboard */,
				177D0FCD18F44B8A0055496E /* Main_iPad.storyboard */,
				177D0FD018F44B8A0055496E /* Shader.fsh */,
				177D0FD218F44B8A0055496E /* Shader.vsh */,
				177D0FD418F44B8A0055496E /* ViewController.h */,
				177D0FD518F44B8A0055496E /* ViewController.m */,
				177D0FD718F44B8A0055496E /* Images.xcassets */,
				177D0FBF18F44B8A0055496E /* Supporting Files */,
			);
			path = CMYK;
			sourceTree = "<group>";
		};
		177D0FBF18F44B8A0055496E /* Supporting Files */ = {
			isa = PBXGroup;
			children = (
				177D0FC018F44B8A0055496E /* CMYK-Info.plist */,
				177D0FC118F44B8A0055496E /* InfoPlist.strings */,
				177D0FC418F44B8A0055496E /* main.m */,
				177D0FC618F44B8A0055496E /* CMYK-Prefix.pch */,
			);
			name = "Supporting Files";
			sourceTree = "<group>";
		};
		177D0FE418F44B8A0055496E /* CMYKTests */ = {
			isa = PBXGroup;
			children = (
				177D0FEA18F44B8A0055496E /* CMYKTests.m */,
				177D0FE518F44B8A0055496E /* Supporting Files */,
			);
			path = CMYKTests;
			sourceTree = "<group>";
		};
		177D0FE518F44B8A0055496E /* Supporting Files */ = {
			isa = PBXGroup;
			children = (
				177D0FE618F44B8A0055496E /* CMYKTests-Info.plist */,
				177D0FE718F44B8A0055496E /* InfoPlist.strings */,
			);
			name = "Supporting Files";
			sourceTree = "<group>";
		};
		177D0FF618F44D450055496E /* QX3D */ = {
			isa = PBXGroup;
			children = (
				177D0FF718F44D710055496E /* QX3DEngine.h */,
				177D0FF818F44D710055496E /* QX3DEngine.m */,
				177D0FFA18F4658A0055496E /* QX3DScene.h */,
				177D0FFB18F4658A0055496E /* QX3DScene.m */,
			);
			path = QX3D;
			sourceTree = "<group>";
		};
		177D0FFD18F466280055496E /* Implementation */ = {
			isa = PBXGroup;
			children = (
				177D0FFE18F4663D0055496E /* CMYKScene.h */,
				177D0FFF18F4663D0055496E /* CMYKScene.m */,
			);
			path = Implementation;
			sourceTree = "<group>";
		};
/* End PBXGroup section */

/* Begin PBXNativeTarget section */
		177D0FB018F44B8A0055496E /* CMYK */ = {
			isa = PBXNativeTarget;
			buildConfigurationList = 177D0FEE18F44B8A0055496E /* Build configuration list for PBXNativeTarget "CMYK" */;
			buildPhases = (
				177D0FAD18F44B8A0055496E /* Sources */,
				177D0FAE18F44B8A0055496E /* Frameworks */,
				177D0FAF18F44B8A0055496E /* Resources */,
			);
			buildRules = (
			);
			dependencies = (
			);
			name = CMYK;
			productName = CMYK;
			productReference = 177D0FB118F44B8A0055496E /* CMYK.app */;
			productType = "com.apple.product-type.application";
		};
		177D0FDC18F44B8A0055496E /* CMYKTests */ = {
			isa = PBXNativeTarget;
			buildConfigurationList = 177D0FF118F44B8A0055496E /* Build configuration list for PBXNativeTarget "CMYKTests" */;
			buildPhases = (
				177D0FD918F44B8A0055496E /* Sources */,
				177D0FDA18F44B8A0055496E /* Frameworks */,
				177D0FDB18F44B8A0055496E /* Resources */,
			);
			buildRules = (
			);
			dependencies = (
				177D0FE318F44B8A0055496E /* PBXTargetDependency */,
			);
			name = CMYKTests;
			productName = CMYKTests;
			productReference = 177D0FDD18F44B8A0055496E /* CMYKTests.xctest */;
			productType = "com.apple.product-type.bundle.unit-test";
		};
/* End PBXNativeTarget section */

/* Begin PBXProject section */
		177D0FA918F44B8A0055496E /* Project object */ = {
			isa = PBXProject;
			attributes = {
				LastUpgradeCheck = 0510;
				ORGANIZATIONNAME = "Emiel Lensink";
				TargetAttributes = {
					177D0FB018F44B8A0055496E = {
						DevelopmentTeam = 9458LNHEKL;
						SystemCapabilities = {
							com.apple.GameCenter = {
								enabled = 1;
							};
						};
					};
					177D0FDC18F44B8A0055496E = {
						TestTargetID = 177D0FB018F44B8A0055496E;
					};
				};
			};
			buildConfigurationList = 177D0FAC18F44B8A0055496E /* Build configuration list for PBXProject "CMYK" */;
			compatibilityVersion = "Xcode 3.2";
			developmentRegion = English;
			hasScannedForEncodings = 0;
			knownRegions = (
				en,
				Base,
			);
			mainGroup = 177D0FA818F44B8A0055496E;
			productRefGroup = 177D0FB218F44B8A0055496E /* Products */;
			projectDirPath = "";
			projectRoot = "";
			targets = (
				177D0FB018F44B8A0055496E /* CMYK */,
				177D0FDC18F44B8A0055496E /* CMYKTests */,
			);
		};
/* End PBXProject section */

/* Begin PBXResourcesBuildPhase section */
		177D0FAF18F44B8A0055496E /* Resources */ = {
			isa = PBXResourcesBuildPhase;
			buildActionMask = 2147483647;
			files = (
				177D0FD118F44B8A0055496E /* Shader.fsh in Resources */,
				177D0FCF18F44B8A0055496E /* Main_iPad.storyboard in Resources */,
				177D0FCC18F44B8A0055496E /* Main_iPhone.storyboard in Resources */,
				177D0FD818F44B8A0055496E /* Images.xcassets in Resources */,
				177D0FC318F44B8A0055496E /* InfoPlist.strings in Resources */,
				177D0FD318F44B8A0055496E /* Shader.vsh in Resources */,
			);
			runOnlyForDeploymentPostprocessing = 0;
		};
		177D0FDB18F44B8A0055496E /* Resources */ = {
			isa = PBXResourcesBuildPhase;
			buildActionMask = 2147483647;
			files = (
				177D0FE918F44B8A0055496E /* InfoPlist.strings in Resources */,
			);
			runOnlyForDeploymentPostprocessing = 0;
		};
/* End PBXResourcesBuildPhase section */

/* Begin PBXSourcesBuildPhase section */
		177D0FAD18F44B8A0055496E /* Sources */ = {
			isa = PBXSourcesBuildPhase;
			buildActionMask = 2147483647;
			files = (
				177D0FD618F44B8A0055496E /* ViewController.m in Sources */,
				177D0FFC18F4658A0055496E /* QX3DScene.m in Sources */,
				177D100018F4663D0055496E /* CMYKScene.m in Sources */,
				177D0FF918F44D710055496E /* QX3DEngine.m in Sources */,
				177D0FC918F44B8A0055496E /* AppDelegate.m in Sources */,
				177D0FC518F44B8A0055496E /* main.m in Sources */,
			);
			runOnlyForDeploymentPostprocessing = 0;
		};
		177D0FD918F44B8A0055496E /* Sources */ = {
			isa = PBXSourcesBuildPhase;
			buildActionMask = 2147483647;
			files = (
				177D0FEB18F44B8A0055496E /* CMYKTests.m in Sources */,
			);
			runOnlyForDeploymentPostprocessing = 0;
		};
/* End PBXSourcesBuildPhase section */

/* Begin PBXTargetDependency section */
		177D0FE318F44B8A0055496E /* PBXTargetDependency */ = {
			isa = PBXTargetDependency;
			target = 177D0FB018F44B8A0055496E /* CMYK */;
			targetProxy = 177D0FE218F44B8A0055496E /* PBXContainerItemProxy */;
		};
/* End PBXTargetDependency section */

/* Begin PBXVariantGroup section */
		177D0FC118F44B8A0055496E /* InfoPlist.strings */ = {
			isa = PBXVariantGroup;
			children = (
				177D0FC218F44B8A0055496E /* en */,
			);
			name = InfoPlist.strings;
			sourceTree = "<group>";
		};
		177D0FCA18F44B8A0055496E /* Main_iPhone.storyboard */ = {
			isa = PBXVariantGroup;
			children = (
				177D0FCB18F44B8A0055496E /* Base */,
			);
			name = Main_iPhone.storyboard;
			sourceTree = "<group>";
		};
		177D0FCD18F44B8A0055496E /* Main_iPad.storyboard */ = {
			isa = PBXVariantGroup;
			children = (
				177D0FCE18F44B8A0055496E /* Base */,
			);
			name = Main_iPad.storyboard;
			sourceTree = "<group>";
		};
		177D0FE718F44B8A0055496E /* InfoPlist.strings */ = {
			isa = PBXVariantGroup;
			children = (
				177D0FE818F44B8A0055496E /* en */,
			);
			name = InfoPlist.strings;
			sourceTree = "<group>";
		};
/* End PBXVariantGroup section */

/* Begin XCBuildConfiguration section */
		177D0FEC18F44B8A0055496E /* Debug */ = {
			isa = XCBuildConfiguration;
			buildSettings = {
				ALWAYS_SEARCH_USER_PATHS = NO;
				CLANG_CXX_LANGUAGE_STANDARD = "gnu++0x";
				CLANG_CXX_LIBRARY = "libc++";
				CLANG_ENABLE_MODULES = YES;
				CLANG_ENABLE_OBJC_ARC = YES;
				CLANG_WARN_BOOL_CONVERSION = YES;
				CLANG_WARN_CONSTANT_CONVERSION = YES;
				CLANG_WARN_DIRECT_OBJC_ISA_USAGE = YES_ERROR;
				CLANG_WARN_EMPTY_BODY = YES;
				CLANG_WARN_ENUM_CONVERSION = YES;
				CLANG_WARN_INT_CONVERSION = YES;
				CLANG_WARN_OBJC_ROOT_CLASS = YES_ERROR;
				CLANG_WARN__DUPLICATE_METHOD_MATCH = YES;
				"CODE_SIGN_IDENTITY[sdk=iphoneos*]" = "iPhone Developer";
				COPY_PHASE_STRIP = NO;
				GCC_C_LANGUAGE_STANDARD = gnu99;
				GCC_DYNAMIC_NO_PIC = NO;
				GCC_OPTIMIZATION_LEVEL = 0;
				GCC_PREPROCESSOR_DEFINITIONS = (
					"DEBUG=1",
					"$(inherited)",
				);
				GCC_SYMBOLS_PRIVATE_EXTERN = NO;
				GCC_WARN_64_TO_32_BIT_CONVERSION = YES;
				GCC_WARN_ABOUT_RETURN_TYPE = YES_ERROR;
				GCC_WARN_UNDECLARED_SELECTOR = YES;
				GCC_WARN_UNINITIALIZED_AUTOS = YES_AGGRESSIVE;
				GCC_WARN_UNUSED_FUNCTION = YES;
				GCC_WARN_UNUSED_VARIABLE = YES;
				IPHONEOS_DEPLOYMENT_TARGET = 7.1;
				ONLY_ACTIVE_ARCH = YES;
				SDKROOT = iphoneos;
				TARGETED_DEVICE_FAMILY = "1,2";
			};
			name = Debug;
		};
		177D0FED18F44B8A0055496E /* Release */ = {
			isa = XCBuildConfiguration;
			buildSettings = {
				ALWAYS_SEARCH_USER_PATHS = NO;
				CLANG_CXX_LANGUAGE_STANDARD = "gnu++0x";
				CLANG_CXX_LIBRARY = "libc++";
				CLANG_ENABLE_MODULES = YES;
				CLANG_ENABLE_OBJC_ARC = YES;
				CLANG_WARN_BOOL_CONVERSION = YES;
				CLANG_WARN_CONSTANT_CONVERSION = YES;
				CLANG_WARN_DIRECT_OBJC_ISA_USAGE = YES_ERROR;
				CLANG_WARN_EMPTY_BODY = YES;
				CLANG_WARN_ENUM_CONVERSION = YES;
				CLANG_WARN_INT_CONVERSION = YES;
				CLANG_WARN_OBJC_ROOT_CLASS = YES_ERROR;
				CLANG_WARN__DUPLICATE_METHOD_MATCH = YES;
				"CODE_SIGN_IDENTITY[sdk=iphoneos*]" = "iPhone Developer";
				COPY_PHASE_STRIP = YES;
				ENABLE_NS_ASSERTIONS = NO;
				GCC_C_LANGUAGE_STANDARD = gnu99;
				GCC_WARN_64_TO_32_BIT_CONVERSION = YES;
				GCC_WARN_ABOUT_RETURN_TYPE = YES_ERROR;
				GCC_WARN_UNDECLARED_SELECTOR = YES;
				GCC_WARN_UNINITIALIZED_AUTOS = YES_AGGRESSIVE;
				GCC_WARN_UNUSED_FUNCTION = YES;
				GCC_WARN_UNUSED_VARIABLE = YES;
				IPHONEOS_DEPLOYMENT_TARGET = 7.1;
				SDKROOT = iphoneos;
				TARGETED_DEVICE_FAMILY = "1,2";
				VALIDATE_PRODUCT = YES;
			};
			name = Release;
		};
		177D0FEF18F44B8A0055496E /* Debug */ = {
			isa = XCBuildConfiguration;
			buildSettings = {
				ASSETCATALOG_COMPILER_APPICON_NAME = AppIcon;
				ASSETCATALOG_COMPILER_LAUNCHIMAGE_NAME = LaunchImage;
				CODE_SIGN_IDENTITY = "iPhone Developer";
				"CODE_SIGN_IDENTITY[sdk=iphoneos*]" = "iPhone Developer";
				GCC_PRECOMPILE_PREFIX_HEADER = YES;
				GCC_PREFIX_HEADER = "CMYK/CMYK-Prefix.pch";
				INFOPLIST_FILE = "CMYK/CMYK-Info.plist";
				PRODUCT_NAME = "$(TARGET_NAME)";
				PROVISIONING_PROFILE = "";
				WRAPPER_EXTENSION = app;
			};
			name = Debug;
		};
		177D0FF018F44B8A0055496E /* Release */ = {
			isa = XCBuildConfiguration;
			buildSettings = {
				ASSETCATALOG_COMPILER_APPICON_NAME = AppIcon;
				ASSETCATALOG_COMPILER_LAUNCHIMAGE_NAME = LaunchImage;
				CODE_SIGN_IDENTITY = "iPhone Developer";
				"CODE_SIGN_IDENTITY[sdk=iphoneos*]" = "iPhone Developer";
				GCC_PRECOMPILE_PREFIX_HEADER = YES;
				GCC_PREFIX_HEADER = "CMYK/CMYK-Prefix.pch";
				INFOPLIST_FILE = "CMYK/CMYK-Info.plist";
				PRODUCT_NAME = "$(TARGET_NAME)";
				PROVISIONING_PROFILE = "";
				WRAPPER_EXTENSION = app;
			};
			name = Release;
		};
		177D0FF218F44B8A0055496E /* Debug */ = {
			isa = XCBuildConfiguration;
			buildSettings = {
				BUNDLE_LOADER = "$(BUILT_PRODUCTS_DIR)/CMYK.app/CMYK";
				FRAMEWORK_SEARCH_PATHS = (
					"$(SDKROOT)/Developer/Library/Frameworks",
					"$(inherited)",
					"$(DEVELOPER_FRAMEWORKS_DIR)",
				);
				GCC_PRECOMPILE_PREFIX_HEADER = YES;
				GCC_PREFIX_HEADER = "CMYK/CMYK-Prefix.pch";
				GCC_PREPROCESSOR_DEFINITIONS = (
					"DEBUG=1",
					"$(inherited)",
				);
				INFOPLIST_FILE = "CMYKTests/CMYKTests-Info.plist";
				PRODUCT_NAME = "$(TARGET_NAME)";
				TEST_HOST = "$(BUNDLE_LOADER)";
				WRAPPER_EXTENSION = xctest;
			};
			name = Debug;
		};
		177D0FF318F44B8A0055496E /* Release */ = {
			isa = XCBuildConfiguration;
			buildSettings = {
				BUNDLE_LOADER = "$(BUILT_PRODUCTS_DIR)/CMYK.app/CMYK";
				FRAMEWORK_SEARCH_PATHS = (
					"$(SDKROOT)/Developer/Library/Frameworks",
					"$(inherited)",
					"$(DEVELOPER_FRAMEWORKS_DIR)",
				);
				GCC_PRECOMPILE_PREFIX_HEADER = YES;
				GCC_PREFIX_HEADER = "CMYK/CMYK-Prefix.pch";
				INFOPLIST_FILE = "CMYKTests/CMYKTests-Info.plist";
				PRODUCT_NAME = "$(TARGET_NAME)";
				TEST_HOST = "$(BUNDLE_LOADER)";
				WRAPPER_EXTENSION = xctest;
			};
			name = Release;
		};
/* End XCBuildConfiguration section */

/* Begin XCConfigurationList section */
		177D0FAC18F44B8A0055496E /* Build configuration list for PBXProject "CMYK" */ = {
			isa = XCConfigurationList;
			buildConfigurations = (
				177D0FEC18F44B8A0055496E /* Debug */,
				177D0FED18F44B8A0055496E /* Release */,
			);
			defaultConfigurationIsVisible = 0;
			defaultConfigurationName = Release;
		};
		177D0FEE18F44B8A0055496E /* Build configuration list for PBXNativeTarget "CMYK" */ = {
			isa = XCConfigurationList;
			buildConfigurations = (
				177D0FEF18F44B8A0055496E /* Debug */,
				177D0FF018F44B8A0055496E /* Release */,
			);
			defaultConfigurationIsVisible = 0;
		};
		177D0FF118F44B8A0055496E /* Build configuration list for PBXNativeTarget "CMYKTests" */ = {
			isa = XCConfigurationList;
			buildConfigurations = (
				177D0FF218F44B8A0055496E /* Debug */,
				177D0FF318F44B8A0055496E /* Release */,
			);
			defaultConfigurationIsVisible = 0;
		};
/* End XCConfigurationList section */
	};
	rootObject = 177D0FA918F44B8A0055496E /* Project object */;
}
