// !$*UTF8*$!
{
	archiveVersion = 1;
	classes = {
	};
	objectVersion = 46;
	objects = {

/* Begin PBXBuildFile section */
		173A2D68190A9DCB00BED095 /* CMYKFadeFromWhiteAnimator.m in Sources */ = {isa = PBXBuildFile; fileRef = 173A2D67190A9DCB00BED095 /* CMYKFadeFromWhiteAnimator.m */; };
		174A0D801902BD6100988D91 /* textured.fsh in Resources */ = {isa = PBXBuildFile; fileRef = 174A0D7F1902BD6100988D91 /* textured.fsh */; };
		174A0D821902BE5600988D91 /* texturedvertex.vsh in Resources */ = {isa = PBXBuildFile; fileRef = 174A0D811902BE5600988D91 /* texturedvertex.vsh */; };
		174A0D851902BFC600988D91 /* CMYKRenderableTexturedSquare.m in Sources */ = {isa = PBXBuildFile; fileRef = 174A0D841902BFC600988D91 /* CMYKRenderableTexturedSquare.m */; };
		174A0DE71903196F00988D91 /* cyan_circle.png in Resources */ = {isa = PBXBuildFile; fileRef = 174A0DD31903196F00988D91 /* cyan_circle.png */; };
		174A0DE81903196F00988D91 /* cyan_circle@2x.png in Resources */ = {isa = PBXBuildFile; fileRef = 174A0DD41903196F00988D91 /* cyan_circle@2x.png */; };
		174A0DE91903196F00988D91 /* magenta_circle.png in Resources */ = {isa = PBXBuildFile; fileRef = 174A0DD51903196F00988D91 /* magenta_circle.png */; };
		174A0DEA1903196F00988D91 /* magenta_circle@2x.png in Resources */ = {isa = PBXBuildFile; fileRef = 174A0DD61903196F00988D91 /* magenta_circle@2x.png */; };
		174A0DEB1903196F00988D91 /* tetromino0.png in Resources */ = {isa = PBXBuildFile; fileRef = 174A0DD71903196F00988D91 /* tetromino0.png */; };
		174A0DEC1903196F00988D91 /* tetromino0@2x.png in Resources */ = {isa = PBXBuildFile; fileRef = 174A0DD81903196F00988D91 /* tetromino0@2x.png */; };
		174A0DED1903196F00988D91 /* tetromino1.png in Resources */ = {isa = PBXBuildFile; fileRef = 174A0DD91903196F00988D91 /* tetromino1.png */; };
		174A0DEE1903196F00988D91 /* tetromino1@2x.png in Resources */ = {isa = PBXBuildFile; fileRef = 174A0DDA1903196F00988D91 /* tetromino1@2x.png */; };
		174A0DEF1903196F00988D91 /* tetromino2.png in Resources */ = {isa = PBXBuildFile; fileRef = 174A0DDB1903196F00988D91 /* tetromino2.png */; };
		174A0DF01903196F00988D91 /* tetromino2@2x.png in Resources */ = {isa = PBXBuildFile; fileRef = 174A0DDC1903196F00988D91 /* tetromino2@2x.png */; };
		174A0DF11903196F00988D91 /* tetromino3.png in Resources */ = {isa = PBXBuildFile; fileRef = 174A0DDD1903196F00988D91 /* tetromino3.png */; };
		174A0DF21903196F00988D91 /* tetromino3@2x.png in Resources */ = {isa = PBXBuildFile; fileRef = 174A0DDE1903196F00988D91 /* tetromino3@2x.png */; };
		174A0DF31903196F00988D91 /* tetromino4.png in Resources */ = {isa = PBXBuildFile; fileRef = 174A0DDF1903196F00988D91 /* tetromino4.png */; };
		174A0DF41903196F00988D91 /* tetromino4@2x.png in Resources */ = {isa = PBXBuildFile; fileRef = 174A0DE01903196F00988D91 /* tetromino4@2x.png */; };
		174A0DF51903196F00988D91 /* tetromino5.png in Resources */ = {isa = PBXBuildFile; fileRef = 174A0DE11903196F00988D91 /* tetromino5.png */; };
		174A0DF61903196F00988D91 /* tetromino5@2x.png in Resources */ = {isa = PBXBuildFile; fileRef = 174A0DE21903196F00988D91 /* tetromino5@2x.png */; };
		174A0DF71903196F00988D91 /* tetromino6.png in Resources */ = {isa = PBXBuildFile; fileRef = 174A0DE31903196F00988D91 /* tetromino6.png */; };
		174A0DF81903196F00988D91 /* tetromino6@2x.png in Resources */ = {isa = PBXBuildFile; fileRef = 174A0DE41903196F00988D91 /* tetromino6@2x.png */; };
		174A0DF91903196F00988D91 /* yellow_circle.png in Resources */ = {isa = PBXBuildFile; fileRef = 174A0DE51903196F00988D91 /* yellow_circle.png */; };
		174A0DFA1903196F00988D91 /* yellow_circle@2x.png in Resources */ = {isa = PBXBuildFile; fileRef = 174A0DE61903196F00988D91 /* yellow_circle@2x.png */; };
		177D0FB518F44B8A0055496E /* Foundation.framework in Frameworks */ = {isa = PBXBuildFile; fileRef = 177D0FB418F44B8A0055496E /* Foundation.framework */; };
		177D0FB718F44B8A0055496E /* CoreGraphics.framework in Frameworks */ = {isa = PBXBuildFile; fileRef = 177D0FB618F44B8A0055496E /* CoreGraphics.framework */; };
		177D0FB918F44B8A0055496E /* UIKit.framework in Frameworks */ = {isa = PBXBuildFile; fileRef = 177D0FB818F44B8A0055496E /* UIKit.framework */; };
		177D0FBB18F44B8A0055496E /* GLKit.framework in Frameworks */ = {isa = PBXBuildFile; fileRef = 177D0FBA18F44B8A0055496E /* GLKit.framework */; };
		177D0FBD18F44B8A0055496E /* OpenGLES.framework in Frameworks */ = {isa = PBXBuildFile; fileRef = 177D0FBC18F44B8A0055496E /* OpenGLES.framework */; };
		177D0FC318F44B8A0055496E /* InfoPlist.strings in Resources */ = {isa = PBXBuildFile; fileRef = 177D0FC118F44B8A0055496E /* InfoPlist.strings */; };
		177D0FC518F44B8A0055496E /* main.m in Sources */ = {isa = PBXBuildFile; fileRef = 177D0FC418F44B8A0055496E /* main.m */; };
		177D0FC918F44B8A0055496E /* AppDelegate.m in Sources */ = {isa = PBXBuildFile; fileRef = 177D0FC818F44B8A0055496E /* AppDelegate.m */; };
		177D0FCC18F44B8A0055496E /* Main_iPhone.storyboard in Resources */ = {isa = PBXBuildFile; fileRef = 177D0FCA18F44B8A0055496E /* Main_iPhone.storyboard */; };
		177D0FCF18F44B8A0055496E /* Main_iPad.storyboard in Resources */ = {isa = PBXBuildFile; fileRef = 177D0FCD18F44B8A0055496E /* Main_iPad.storyboard */; };
		177D0FD618F44B8A0055496E /* ViewController.m in Sources */ = {isa = PBXBuildFile; fileRef = 177D0FD518F44B8A0055496E /* ViewController.m */; };
		177D0FD818F44B8A0055496E /* Images.xcassets in Resources */ = {isa = PBXBuildFile; fileRef = 177D0FD718F44B8A0055496E /* Images.xcassets */; };
		177D0FDF18F44B8A0055496E /* XCTest.framework in Frameworks */ = {isa = PBXBuildFile; fileRef = 177D0FDE18F44B8A0055496E /* XCTest.framework */; };
		177D0FE018F44B8A0055496E /* Foundation.framework in Frameworks */ = {isa = PBXBuildFile; fileRef = 177D0FB418F44B8A0055496E /* Foundation.framework */; };
		177D0FE118F44B8A0055496E /* UIKit.framework in Frameworks */ = {isa = PBXBuildFile; fileRef = 177D0FB818F44B8A0055496E /* UIKit.framework */; };
		177D0FE918F44B8A0055496E /* InfoPlist.strings in Resources */ = {isa = PBXBuildFile; fileRef = 177D0FE718F44B8A0055496E /* InfoPlist.strings */; };
		177D0FEB18F44B8A0055496E /* CMYKTests.m in Sources */ = {isa = PBXBuildFile; fileRef = 177D0FEA18F44B8A0055496E /* CMYKTests.m */; };
		177D0FF518F44BAC0055496E /* GameKit.framework in Frameworks */ = {isa = PBXBuildFile; fileRef = 177D0FF418F44BAC0055496E /* GameKit.framework */; settings = {ATTRIBUTES = (Required, ); }; };
		177D0FF918F44D710055496E /* QX3DEngine.m in Sources */ = {isa = PBXBuildFile; fileRef = 177D0FF818F44D710055496E /* QX3DEngine.m */; };
		177D0FFC18F4658A0055496E /* QX3DScene.m in Sources */ = {isa = PBXBuildFile; fileRef = 177D0FFB18F4658A0055496E /* QX3DScene.m */; };
		177D100018F4663D0055496E /* CMYKScene.m in Sources */ = {isa = PBXBuildFile; fileRef = 177D0FFF18F4663D0055496E /* CMYKScene.m */; };
		177D100318F520800055496E /* QX3DObject.m in Sources */ = {isa = PBXBuildFile; fileRef = 177D100218F520800055496E /* QX3DObject.m */; };
		177D100718F53D560055496E /* QX3DAnimator.m in Sources */ = {isa = PBXBuildFile; fileRef = 177D100618F53D560055496E /* QX3DAnimator.m */; };
		177D100B18F569240055496E /* QX3DRenderable.m in Sources */ = {isa = PBXBuildFile; fileRef = 177D100A18F569240055496E /* QX3DRenderable.m */; };
		177D100F18F56FD30055496E /* QX3DMaterial.m in Sources */ = {isa = PBXBuildFile; fileRef = 177D100E18F56FD30055496E /* QX3DMaterial.m */; };
		177D101218F5795F0055496E /* CMYKRenderableSquare.m in Sources */ = {isa = PBXBuildFile; fileRef = 177D101118F5795F0055496E /* CMYKRenderableSquare.m */; };
		177D101618F587C50055496E /* subtractive.fsh in Resources */ = {isa = PBXBuildFile; fileRef = 177D101418F587C50055496E /* subtractive.fsh */; };
		177D101718F587C50055496E /* simplevertex.vsh in Resources */ = {isa = PBXBuildFile; fileRef = 177D101518F587C50055496E /* simplevertex.vsh */; };
		177D101A18F5941F0055496E /* CMYKRotationAnimator.m in Sources */ = {isa = PBXBuildFile; fileRef = 177D101918F5941F0055496E /* CMYKRotationAnimator.m */; };
		177D101C18F59B740055496E /* flatcolor.fsh in Resources */ = {isa = PBXBuildFile; fileRef = 177D101B18F59B740055496E /* flatcolor.fsh */; };
		177D101F18F59C7C0055496E /* CMYKWaveAnimator.m in Sources */ = {isa = PBXBuildFile; fileRef = 177D101E18F59C7C0055496E /* CMYKWaveAnimator.m */; };
		17D85BC1190EEEFB00887DA0 /* CMYKDarkenAnimator.m in Sources */ = {isa = PBXBuildFile; fileRef = 17D85BC0190EEEFB00887DA0 /* CMYKDarkenAnimator.m */; };
		17D95BEE18F6D06B00843ED3 /* CMYKTileStack.m in Sources */ = {isa = PBXBuildFile; fileRef = 17D95BED18F6D06B00843ED3 /* CMYKTileStack.m */; };
		17D95BF118F6DF3100843ED3 /* CMYKTetromino.m in Sources */ = {isa = PBXBuildFile; fileRef = 17D95BF018F6DF3100843ED3 /* CMYKTetromino.m */; };
		17D95BF418F830A700843ED3 /* CMYKTetrominoData.m in Sources */ = {isa = PBXBuildFile; fileRef = 17D95BF318F830A700843ED3 /* CMYKTetrominoData.m */; };
		17D95BF718F835BA00843ED3 /* CMYKRenderableTetrominoPreview.m in Sources */ = {isa = PBXBuildFile; fileRef = 17D95BF618F835BA00843ED3 /* CMYKRenderableTetrominoPreview.m */; };
/* End PBXBuildFile section */

/* Begin PBXContainerItemProxy section */
		177D0FE218F44B8A0055496E /* PBXContainerItemProxy */ = {
			isa = PBXContainerItemProxy;
			containerPortal = 177D0FA918F44B8A0055496E /* Project object */;
			proxyType = 1;
			remoteGlobalIDString = 177D0FB018F44B8A0055496E;
			remoteInfo = CMYK;
		};
/* End PBXContainerItemProxy section */

/* Begin PBXFileReference section */
		173A2D66190A9DCB00BED095 /* CMYKFadeFromWhiteAnimator.h */ = {isa = PBXFileReference; fileEncoding = 4; lastKnownFileType = sourcecode.c.h; path = CMYKFadeFromWhiteAnimator.h; sourceTree = "<group>"; };
		173A2D67190A9DCB00BED095 /* CMYKFadeFromWhiteAnimator.m */ = {isa = PBXFileReference; fileEncoding = 4; lastKnownFileType = sourcecode.c.objc; path = CMYKFadeFromWhiteAnimator.m; sourceTree = "<group>"; };
		173A2D69190AB9AF00BED095 /* CMYKSceneDelegate.h */ = {isa = PBXFileReference; lastKnownFileType = sourcecode.c.h; path = CMYKSceneDelegate.h; sourceTree = "<group>"; };
		174A0D7F1902BD6100988D91 /* textured.fsh */ = {isa = PBXFileReference; fileEncoding = 4; lastKnownFileType = sourcecode.glsl; name = textured.fsh; path = Shaders/textured.fsh; sourceTree = "<group>"; };
		174A0D811902BE5600988D91 /* texturedvertex.vsh */ = {isa = PBXFileReference; fileEncoding = 4; lastKnownFileType = sourcecode.glsl; name = texturedvertex.vsh; path = Shaders/texturedvertex.vsh; sourceTree = "<group>"; };
		174A0D831902BFC600988D91 /* CMYKRenderableTexturedSquare.h */ = {isa = PBXFileReference; fileEncoding = 4; lastKnownFileType = sourcecode.c.h; path = CMYKRenderableTexturedSquare.h; sourceTree = "<group>"; };
		174A0D841902BFC600988D91 /* CMYKRenderableTexturedSquare.m */ = {isa = PBXFileReference; fileEncoding = 4; lastKnownFileType = sourcecode.c.objc; path = CMYKRenderableTexturedSquare.m; sourceTree = "<group>"; };
		174A0DD31903196F00988D91 /* cyan_circle.png */ = {isa = PBXFileReference; lastKnownFileType = image.png; name = cyan_circle.png; path = Assets/cyan_circle.png; sourceTree = "<group>"; };
		174A0DD41903196F00988D91 /* cyan_circle@2x.png */ = {isa = PBXFileReference; lastKnownFileType = image.png; name = "cyan_circle@2x.png"; path = "Assets/cyan_circle@2x.png"; sourceTree = "<group>"; };
		174A0DD51903196F00988D91 /* magenta_circle.png */ = {isa = PBXFileReference; lastKnownFileType = image.png; name = magenta_circle.png; path = Assets/magenta_circle.png; sourceTree = "<group>"; };
		174A0DD61903196F00988D91 /* magenta_circle@2x.png */ = {isa = PBXFileReference; lastKnownFileType = image.png; name = "magenta_circle@2x.png"; path = "Assets/magenta_circle@2x.png"; sourceTree = "<group>"; };
		174A0DD71903196F00988D91 /* tetromino0.png */ = {isa = PBXFileReference; lastKnownFileType = image.png; name = tetromino0.png; path = Assets/tetromino0.png; sourceTree = "<group>"; };
		174A0DD81903196F00988D91 /* tetromino0@2x.png */ = {isa = PBXFileReference; lastKnownFileType = image.png; name = "tetromino0@2x.png"; path = "Assets/tetromino0@2x.png"; sourceTree = "<group>"; };
		174A0DD91903196F00988D91 /* tetromino1.png */ = {isa = PBXFileReference; lastKnownFileType = image.png; name = tetromino1.png; path = Assets/tetromino1.png; sourceTree = "<group>"; };
		174A0DDA1903196F00988D91 /* tetromino1@2x.png */ = {isa = PBXFileReference; lastKnownFileType = image.png; name = "tetromino1@2x.png"; path = "Assets/tetromino1@2x.png"; sourceTree = "<group>"; };
		174A0DDB1903196F00988D91 /* tetromino2.png */ = {isa = PBXFileReference; lastKnownFileType = image.png; name = tetromino2.png; path = Assets/tetromino2.png; sourceTree = "<group>"; };
		174A0DDC1903196F00988D91 /* tetromino2@2x.png */ = {isa = PBXFileReference; lastKnownFileType = image.png; name = "tetromino2@2x.png"; path = "Assets/tetromino2@2x.png"; sourceTree = "<group>"; };
		174A0DDD1903196F00988D91 /* tetromino3.png */ = {isa = PBXFileReference; lastKnownFileType = image.png; name = tetromino3.png; path = Assets/tetromino3.png; sourceTree = "<group>"; };
		174A0DDE1903196F00988D91 /* tetromino3@2x.png */ = {isa = PBXFileReference; lastKnownFileType = image.png; name = "tetromino3@2x.png"; path = "Assets/tetromino3@2x.png"; sourceTree = "<group>"; };
		174A0DDF1903196F00988D91 /* tetromino4.png */ = {isa = PBXFileReference; lastKnownFileType = image.png; name = tetromino4.png; path = Assets/tetromino4.png; sourceTree = "<group>"; };
		174A0DE01903196F00988D91 /* tetromino4@2x.png */ = {isa = PBXFileReference; lastKnownFileType = image.png; name = "tetromino4@2x.png"; path = "Assets/tetromino4@2x.png"; sourceTree = "<group>"; };
		174A0DE11903196F00988D91 /* tetromino5.png */ = {isa = PBXFileReference; lastKnownFileType = image.png; name = tetromino5.png; path = Assets/tetromino5.png; sourceTree = "<group>"; };
		174A0DE21903196F00988D91 /* tetromino5@2x.png */ = {isa = PBXFileReference; lastKnownFileType = image.png; name = "tetromino5@2x.png"; path = "Assets/tetromino5@2x.png"; sourceTree = "<group>"; };
		174A0DE31903196F00988D91 /* tetromino6.png */ = {isa = PBXFileReference; lastKnownFileType = image.png; name = tetromino6.png; path = Assets/tetromino6.png; sourceTree = "<group>"; };
		174A0DE41903196F00988D91 /* tetromino6@2x.png */ = {isa = PBXFileReference; lastKnownFileType = image.png; name = "tetromino6@2x.png"; path = "Assets/tetromino6@2x.png"; sourceTree = "<group>"; };
		174A0DE51903196F00988D91 /* yellow_circle.png */ = {isa = PBXFileReference; lastKnownFileType = image.png; name = yellow_circle.png; path = Assets/yellow_circle.png; sourceTree = "<group>"; };
		174A0DE61903196F00988D91 /* yellow_circle@2x.png */ = {isa = PBXFileReference; lastKnownFileType = image.png; name = "yellow_circle@2x.png"; path = "Assets/yellow_circle@2x.png"; sourceTree = "<group>"; };
		177D0FB118F44B8A0055496E /* CMYK.app */ = {isa = PBXFileReference; explicitFileType = wrapper.application; includeInIndex = 0; path = CMYK.app; sourceTree = BUILT_PRODUCTS_DIR; };
		177D0FB418F44B8A0055496E /* Foundation.framework */ = {isa = PBXFileReference; lastKnownFileType = wrapper.framework; name = Foundation.framework; path = System/Library/Frameworks/Foundation.framework; sourceTree = SDKROOT; };
		177D0FB618F44B8A0055496E /* CoreGraphics.framework */ = {isa = PBXFileReference; lastKnownFileType = wrapper.framework; name = CoreGraphics.framework; path = System/Library/Frameworks/CoreGraphics.framework; sourceTree = SDKROOT; };
		177D0FB818F44B8A0055496E /* UIKit.framework */ = {isa = PBXFileReference; lastKnownFileType = wrapper.framework; name = UIKit.framework; path = System/Library/Frameworks/UIKit.framework; sourceTree = SDKROOT; };
		177D0FBA18F44B8A0055496E /* GLKit.framework */ = {isa = PBXFileReference; lastKnownFileType = wrapper.framework; name = GLKit.framework; path = System/Library/Frameworks/GLKit.framework; sourceTree = SDKROOT; };
		177D0FBC18F44B8A0055496E /* OpenGLES.framework */ = {isa = PBXFileReference; lastKnownFileType = wrapper.framework; name = OpenGLES.framework; path = System/Library/Frameworks/OpenGLES.framework; sourceTree = SDKROOT; };
		177D0FC018F44B8A0055496E /* CMYK-Info.plist */ = {isa = PBXFileReference; lastKnownFileType = text.plist.xml; path = "CMYK-Info.plist"; sourceTree = "<group>"; };
		177D0FC218F44B8A0055496E /* en */ = {isa = PBXFileReference; lastKnownFileType = text.plist.strings; name = en; path = en.lproj/InfoPlist.strings; sourceTree = "<group>"; };
		177D0FC418F44B8A0055496E /* main.m */ = {isa = PBXFileReference; lastKnownFileType = sourcecode.c.objc; path = main.m; sourceTree = "<group>"; };
		177D0FC618F44B8A0055496E /* CMYK-Prefix.pch */ = {isa = PBXFileReference; lastKnownFileType = sourcecode.c.h; path = "CMYK-Prefix.pch"; sourceTree = "<group>"; };
		177D0FC718F44B8A0055496E /* AppDelegate.h */ = {isa = PBXFileReference; lastKnownFileType = sourcecode.c.h; path = AppDelegate.h; sourceTree = "<group>"; };
		177D0FC818F44B8A0055496E /* AppDelegate.m */ = {isa = PBXFileReference; lastKnownFileType = sourcecode.c.objc; path = AppDelegate.m; sourceTree = "<group>"; };
		177D0FCB18F44B8A0055496E /* Base */ = {isa = PBXFileReference; lastKnownFileType = file.storyboard; name = Base; path = Base.lproj/Main_iPhone.storyboard; sourceTree = "<group>"; };
		177D0FCE18F44B8A0055496E /* Base */ = {isa = PBXFileReference; lastKnownFileType = file.storyboard; name = Base; path = Base.lproj/Main_iPad.storyboard; sourceTree = "<group>"; };
		177D0FD418F44B8A0055496E /* ViewController.h */ = {isa = PBXFileReference; lastKnownFileType = sourcecode.c.h; path = ViewController.h; sourceTree = "<group>"; };
		177D0FD518F44B8A0055496E /* ViewController.m */ = {isa = PBXFileReference; lastKnownFileType = sourcecode.c.objc; path = ViewController.m; sourceTree = "<group>"; };
		177D0FD718F44B8A0055496E /* Images.xcassets */ = {isa = PBXFileReference; lastKnownFileType = folder.assetcatalog; path = Images.xcassets; sourceTree = "<group>"; };
		177D0FDD18F44B8A0055496E /* CMYKTests.xctest */ = {isa = PBXFileReference; explicitFileType = wrapper.cfbundle; includeInIndex = 0; path = CMYKTests.xctest; sourceTree = BUILT_PRODUCTS_DIR; };
		177D0FDE18F44B8A0055496E /* XCTest.framework */ = {isa = PBXFileReference; lastKnownFileType = wrapper.framework; name = XCTest.framework; path = Library/Frameworks/XCTest.framework; sourceTree = DEVELOPER_DIR; };
		177D0FE618F44B8A0055496E /* CMYKTests-Info.plist */ = {isa = PBXFileReference; lastKnownFileType = text.plist.xml; path = "CMYKTests-Info.plist"; sourceTree = "<group>"; };
		177D0FE818F44B8A0055496E /* en */ = {isa = PBXFileReference; lastKnownFileType = text.plist.strings; name = en; path = en.lproj/InfoPlist.strings; sourceTree = "<group>"; };
		177D0FEA18F44B8A0055496E /* CMYKTests.m */ = {isa = PBXFileReference; lastKnownFileType = sourcecode.c.objc; path = CMYKTests.m; sourceTree = "<group>"; };
		177D0FF418F44BAC0055496E /* GameKit.framework */ = {isa = PBXFileReference; lastKnownFileType = wrapper.framework; name = GameKit.framework; path = System/Library/Frameworks/GameKit.framework; sourceTree = SDKROOT; };
		177D0FF718F44D710055496E /* QX3DEngine.h */ = {isa = PBXFileReference; fileEncoding = 4; lastKnownFileType = sourcecode.c.h; path = QX3DEngine.h; sourceTree = "<group>"; };
		177D0FF818F44D710055496E /* QX3DEngine.m */ = {isa = PBXFileReference; fileEncoding = 4; lastKnownFileType = sourcecode.c.objc; path = QX3DEngine.m; sourceTree = "<group>"; };
		177D0FFA18F4658A0055496E /* QX3DScene.h */ = {isa = PBXFileReference; fileEncoding = 4; lastKnownFileType = sourcecode.c.h; path = QX3DScene.h; sourceTree = "<group>"; };
		177D0FFB18F4658A0055496E /* QX3DScene.m */ = {isa = PBXFileReference; fileEncoding = 4; lastKnownFileType = sourcecode.c.objc; path = QX3DScene.m; sourceTree = "<group>"; };
		177D0FFE18F4663D0055496E /* CMYKScene.h */ = {isa = PBXFileReference; fileEncoding = 4; lastKnownFileType = sourcecode.c.h; path = CMYKScene.h; sourceTree = "<group>"; };
		177D0FFF18F4663D0055496E /* CMYKScene.m */ = {isa = PBXFileReference; fileEncoding = 4; lastKnownFileType = sourcecode.c.objc; path = CMYKScene.m; sourceTree = "<group>"; };
		177D100118F520800055496E /* QX3DObject.h */ = {isa = PBXFileReference; fileEncoding = 4; lastKnownFileType = sourcecode.c.h; path = QX3DObject.h; sourceTree = "<group>"; };
		177D100218F520800055496E /* QX3DObject.m */ = {isa = PBXFileReference; fileEncoding = 4; lastKnownFileType = sourcecode.c.objc; path = QX3DObject.m; sourceTree = "<group>"; };
		177D100418F521000055496E /* QX3DObjectInternals.h */ = {isa = PBXFileReference; lastKnownFileType = sourcecode.c.h; path = QX3DObjectInternals.h; sourceTree = "<group>"; };
		177D100518F53D560055496E /* QX3DAnimator.h */ = {isa = PBXFileReference; fileEncoding = 4; lastKnownFileType = sourcecode.c.h; path = QX3DAnimator.h; sourceTree = "<group>"; };
		177D100618F53D560055496E /* QX3DAnimator.m */ = {isa = PBXFileReference; fileEncoding = 4; lastKnownFileType = sourcecode.c.objc; path = QX3DAnimator.m; sourceTree = "<group>"; };
		177D100818F548840055496E /* QX3DSceneInternals.h */ = {isa = PBXFileReference; lastKnownFileType = sourcecode.c.h; path = QX3DSceneInternals.h; sourceTree = "<group>"; };
		177D100918F569240055496E /* QX3DRenderable.h */ = {isa = PBXFileReference; fileEncoding = 4; lastKnownFileType = sourcecode.c.h; path = QX3DRenderable.h; sourceTree = "<group>"; };
		177D100A18F569240055496E /* QX3DRenderable.m */ = {isa = PBXFileReference; fileEncoding = 4; lastKnownFileType = sourcecode.c.objc; path = QX3DRenderable.m; sourceTree = "<group>"; };
		177D100C18F569720055496E /* QX3DRenderableInternals.h */ = {isa = PBXFileReference; lastKnownFileType = sourcecode.c.h; path = QX3DRenderableInternals.h; sourceTree = "<group>"; };
		177D100D18F56FD30055496E /* QX3DMaterial.h */ = {isa = PBXFileReference; fileEncoding = 4; lastKnownFileType = sourcecode.c.h; path = QX3DMaterial.h; sourceTree = "<group>"; };
		177D100E18F56FD30055496E /* QX3DMaterial.m */ = {isa = PBXFileReference; fileEncoding = 4; lastKnownFileType = sourcecode.c.objc; path = QX3DMaterial.m; sourceTree = "<group>"; };
		177D101018F5795F0055496E /* CMYKRenderableSquare.h */ = {isa = PBXFileReference; fileEncoding = 4; lastKnownFileType = sourcecode.c.h; path = CMYKRenderableSquare.h; sourceTree = "<group>"; };
		177D101118F5795F0055496E /* CMYKRenderableSquare.m */ = {isa = PBXFileReference; fileEncoding = 4; lastKnownFileType = sourcecode.c.objc; path = CMYKRenderableSquare.m; sourceTree = "<group>"; };
		177D101418F587C50055496E /* subtractive.fsh */ = {isa = PBXFileReference; fileEncoding = 4; lastKnownFileType = sourcecode.glsl; name = subtractive.fsh; path = Shaders/subtractive.fsh; sourceTree = "<group>"; };
		177D101518F587C50055496E /* simplevertex.vsh */ = {isa = PBXFileReference; fileEncoding = 4; lastKnownFileType = sourcecode.glsl; name = simplevertex.vsh; path = Shaders/simplevertex.vsh; sourceTree = "<group>"; };
		177D101818F5941F0055496E /* CMYKRotationAnimator.h */ = {isa = PBXFileReference; fileEncoding = 4; lastKnownFileType = sourcecode.c.h; path = CMYKRotationAnimator.h; sourceTree = "<group>"; };
		177D101918F5941F0055496E /* CMYKRotationAnimator.m */ = {isa = PBXFileReference; fileEncoding = 4; lastKnownFileType = sourcecode.c.objc; path = CMYKRotationAnimator.m; sourceTree = "<group>"; };
		177D101B18F59B740055496E /* flatcolor.fsh */ = {isa = PBXFileReference; fileEncoding = 4; lastKnownFileType = sourcecode.glsl; name = flatcolor.fsh; path = Shaders/flatcolor.fsh; sourceTree = "<group>"; };
		177D101D18F59C7C0055496E /* CMYKWaveAnimator.h */ = {isa = PBXFileReference; fileEncoding = 4; lastKnownFileType = sourcecode.c.h; path = CMYKWaveAnimator.h; sourceTree = "<group>"; };
		177D101E18F59C7C0055496E /* CMYKWaveAnimator.m */ = {isa = PBXFileReference; fileEncoding = 4; lastKnownFileType = sourcecode.c.objc; path = CMYKWaveAnimator.m; sourceTree = "<group>"; };
		17D85BBF190EEEFB00887DA0 /* CMYKDarkenAnimator.h */ = {isa = PBXFileReference; fileEncoding = 4; lastKnownFileType = sourcecode.c.h; path = CMYKDarkenAnimator.h; sourceTree = "<group>"; };
		17D85BC0190EEEFB00887DA0 /* CMYKDarkenAnimator.m */ = {isa = PBXFileReference; fileEncoding = 4; lastKnownFileType = sourcecode.c.objc; path = CMYKDarkenAnimator.m; sourceTree = "<group>"; };
		17D95BEC18F6D06B00843ED3 /* CMYKTileStack.h */ = {isa = PBXFileReference; fileEncoding = 4; lastKnownFileType = sourcecode.c.h; path = CMYKTileStack.h; sourceTree = "<group>"; };
		17D95BED18F6D06B00843ED3 /* CMYKTileStack.m */ = {isa = PBXFileReference; fileEncoding = 4; lastKnownFileType = sourcecode.c.objc; path = CMYKTileStack.m; sourceTree = "<group>"; };
		17D95BEF18F6DF3100843ED3 /* CMYKTetromino.h */ = {isa = PBXFileReference; fileEncoding = 4; lastKnownFileType = sourcecode.c.h; path = CMYKTetromino.h; sourceTree = "<group>"; };
		17D95BF018F6DF3100843ED3 /* CMYKTetromino.m */ = {isa = PBXFileReference; fileEncoding = 4; lastKnownFileType = sourcecode.c.objc; path = CMYKTetromino.m; sourceTree = "<group>"; };
		17D95BF218F830A700843ED3 /* CMYKTetrominoData.h */ = {isa = PBXFileReference; fileEncoding = 4; lastKnownFileType = sourcecode.c.h; path = CMYKTetrominoData.h; sourceTree = "<group>"; };
		17D95BF318F830A700843ED3 /* CMYKTetrominoData.m */ = {isa = PBXFileReference; fileEncoding = 4; lastKnownFileType = sourcecode.c.objc; path = CMYKTetrominoData.m; sourceTree = "<group>"; };
		17D95BF518F835BA00843ED3 /* CMYKRenderableTetrominoPreview.h */ = {isa = PBXFileReference; fileEncoding = 4; lastKnownFileType = sourcecode.c.h; path = CMYKRenderableTetrominoPreview.h; sourceTree = "<group>"; };
		17D95BF618F835BA00843ED3 /* CMYKRenderableTetrominoPreview.m */ = {isa = PBXFileReference; fileEncoding = 4; lastKnownFileType = sourcecode.c.objc; path = CMYKRenderableTetrominoPreview.m; sourceTree = "<group>"; };
/* End PBXFileReference section */

/* Begin PBXFrameworksBuildPhase section */
		177D0FAE18F44B8A0055496E /* Frameworks */ = {
			isa = PBXFrameworksBuildPhase;
			buildActionMask = 2147483647;
			files = (
				177D0FBD18F44B8A0055496E /* OpenGLES.framework in Frameworks */,
				177D0FB718F44B8A0055496E /* CoreGraphics.framework in Frameworks */,
				177D0FB918F44B8A0055496E /* UIKit.framework in Frameworks */,
				177D0FF518F44BAC0055496E /* GameKit.framework in Frameworks */,
				177D0FBB18F44B8A0055496E /* GLKit.framework in Frameworks */,
				177D0FB518F44B8A0055496E /* Foundation.framework in Frameworks */,
			);
			runOnlyForDeploymentPostprocessing = 0;
		};
		177D0FDA18F44B8A0055496E /* Frameworks */ = {
			isa = PBXFrameworksBuildPhase;
			buildActionMask = 2147483647;
			files = (
				177D0FDF18F44B8A0055496E /* XCTest.framework in Frameworks */,
				177D0FE118F44B8A0055496E /* UIKit.framework in Frameworks */,
				177D0FE018F44B8A0055496E /* Foundation.framework in Frameworks */,
			);
			runOnlyForDeploymentPostprocessing = 0;
		};
/* End PBXFrameworksBuildPhase section */

/* Begin PBXGroup section */
		174A0DD21903195F00988D91 /* Assets */ = {
			isa = PBXGroup;
			children = (
				174A0DD31903196F00988D91 /* cyan_circle.png */,
				174A0DD41903196F00988D91 /* cyan_circle@2x.png */,
				174A0DD51903196F00988D91 /* magenta_circle.png */,
				174A0DD61903196F00988D91 /* magenta_circle@2x.png */,
				174A0DE51903196F00988D91 /* yellow_circle.png */,
				174A0DE61903196F00988D91 /* yellow_circle@2x.png */,
				174A0DD71903196F00988D91 /* tetromino0.png */,
				174A0DD81903196F00988D91 /* tetromino0@2x.png */,
				174A0DD91903196F00988D91 /* tetromino1.png */,
				174A0DDA1903196F00988D91 /* tetromino1@2x.png */,
				174A0DDB1903196F00988D91 /* tetromino2.png */,
				174A0DDC1903196F00988D91 /* tetromino2@2x.png */,
				174A0DDD1903196F00988D91 /* tetromino3.png */,
				174A0DDE1903196F00988D91 /* tetromino3@2x.png */,
				174A0DDF1903196F00988D91 /* tetromino4.png */,
				174A0DE01903196F00988D91 /* tetromino4@2x.png */,
				174A0DE11903196F00988D91 /* tetromino5.png */,
				174A0DE21903196F00988D91 /* tetromino5@2x.png */,
				174A0DE31903196F00988D91 /* tetromino6.png */,
				174A0DE41903196F00988D91 /* tetromino6@2x.png */,
			);
			name = Assets;
			sourceTree = "<group>";
		};
		177D0FA818F44B8A0055496E = {
			isa = PBXGroup;
			children = (
				177D0FBE18F44B8A0055496E /* CMYK */,
				177D0FE418F44B8A0055496E /* CMYKTests */,
				177D0FB318F44B8A0055496E /* Frameworks */,
				177D0FB218F44B8A0055496E /* Products */,
			);
			sourceTree = "<group>";
		};
		177D0FB218F44B8A0055496E /* Products */ = {
			isa = PBXGroup;
			children = (
				177D0FB118F44B8A0055496E /* CMYK.app */,
				177D0FDD18F44B8A0055496E /* CMYKTests.xctest */,
			);
			name = Products;
			sourceTree = "<group>";
		};
		177D0FB318F44B8A0055496E /* Frameworks */ = {
			isa = PBXGroup;
			children = (
				177D0FF418F44BAC0055496E /* GameKit.framework */,
				177D0FB418F44B8A0055496E /* Foundation.framework */,
				177D0FB618F44B8A0055496E /* CoreGraphics.framework */,
				177D0FB818F44B8A0055496E /* UIKit.framework */,
				177D0FBA18F44B8A0055496E /* GLKit.framework */,
				177D0FBC18F44B8A0055496E /* OpenGLES.framework */,
				177D0FDE18F44B8A0055496E /* XCTest.framework */,
			);
			name = Frameworks;
			sourceTree = "<group>";
		};
		177D0FBE18F44B8A0055496E /* CMYK */ = {
			isa = PBXGroup;
			children = (
				174A0DD21903195F00988D91 /* Assets */,
				177D101318F587AE0055496E /* Resources */,
				177D0FFD18F466280055496E /* Implementation */,
				177D0FF618F44D450055496E /* QX3D */,
				177D0FC718F44B8A0055496E /* AppDelegate.h */,
				177D0FC818F44B8A0055496E /* AppDelegate.m */,
				177D0FCA18F44B8A0055496E /* Main_iPhone.storyboard */,
				177D0FCD18F44B8A0055496E /* Main_iPad.storyboard */,
				177D0FD418F44B8A0055496E /* ViewController.h */,
				177D0FD518F44B8A0055496E /* ViewController.m */,
				177D0FD718F44B8A0055496E /* Images.xcassets */,
				177D0FBF18F44B8A0055496E /* Supporting Files */,
			);
			path = CMYK;
			sourceTree = "<group>";
		};
		177D0FBF18F44B8A0055496E /* Supporting Files */ = {
			isa = PBXGroup;
			children = (
				177D0FC018F44B8A0055496E /* CMYK-Info.plist */,
				177D0FC118F44B8A0055496E /* InfoPlist.strings */,
				177D0FC418F44B8A0055496E /* main.m */,
				177D0FC618F44B8A0055496E /* CMYK-Prefix.pch */,
			);
			name = "Supporting Files";
			sourceTree = "<group>";
		};
		177D0FE418F44B8A0055496E /* CMYKTests */ = {
			isa = PBXGroup;
			children = (
				177D0FEA18F44B8A0055496E /* CMYKTests.m */,
				177D0FE518F44B8A0055496E /* Supporting Files */,
			);
			path = CMYKTests;
			sourceTree = "<group>";
		};
		177D0FE518F44B8A0055496E /* Supporting Files */ = {
			isa = PBXGroup;
			children = (
				177D0FE618F44B8A0055496E /* CMYKTests-Info.plist */,
				177D0FE718F44B8A0055496E /* InfoPlist.strings */,
			);
			name = "Supporting Files";
			sourceTree = "<group>";
		};
		177D0FF618F44D450055496E /* QX3D */ = {
			isa = PBXGroup;
			children = (
				177D0FF718F44D710055496E /* QX3DEngine.h */,
				177D0FF818F44D710055496E /* QX3DEngine.m */,
				177D0FFA18F4658A0055496E /* QX3DScene.h */,
				177D100818F548840055496E /* QX3DSceneInternals.h */,
				177D0FFB18F4658A0055496E /* QX3DScene.m */,
				177D100118F520800055496E /* QX3DObject.h */,
				177D100418F521000055496E /* QX3DObjectInternals.h */,
				177D100218F520800055496E /* QX3DObject.m */,
				177D100518F53D560055496E /* QX3DAnimator.h */,
				177D100618F53D560055496E /* QX3DAnimator.m */,
				177D100918F569240055496E /* QX3DRenderable.h */,
				177D100C18F569720055496E /* QX3DRenderableInternals.h */,
				177D100A18F569240055496E /* QX3DRenderable.m */,
				177D100D18F56FD30055496E /* QX3DMaterial.h */,
				177D100E18F56FD30055496E /* QX3DMaterial.m */,
			);
			path = QX3D;
			sourceTree = "<group>";
		};
		177D0FFD18F466280055496E /* Implementation */ = {
			isa = PBXGroup;
			children = (
				174A0D831902BFC600988D91 /* CMYKRenderableTexturedSquare.h */,
				174A0D841902BFC600988D91 /* CMYKRenderableTexturedSquare.m */,
				17D95BF518F835BA00843ED3 /* CMYKRenderableTetrominoPreview.h */,
				17D95BF618F835BA00843ED3 /* CMYKRenderableTetrominoPreview.m */,
				17D95BEC18F6D06B00843ED3 /* CMYKTileStack.h */,
				17D95BED18F6D06B00843ED3 /* CMYKTileStack.m */,
				177D0FFE18F4663D0055496E /* CMYKScene.h */,
				177D0FFF18F4663D0055496E /* CMYKScene.m */,
				177D101018F5795F0055496E /* CMYKRenderableSquare.h */,
				177D101118F5795F0055496E /* CMYKRenderableSquare.m */,
				177D101818F5941F0055496E /* CMYKRotationAnimator.h */,
				177D101918F5941F0055496E /* CMYKRotationAnimator.m */,
				177D101D18F59C7C0055496E /* CMYKWaveAnimator.h */,
				177D101E18F59C7C0055496E /* CMYKWaveAnimator.m */,
				17D95BEF18F6DF3100843ED3 /* CMYKTetromino.h */,
				17D95BF018F6DF3100843ED3 /* CMYKTetromino.m */,
				17D95BF218F830A700843ED3 /* CMYKTetrominoData.h */,
				17D95BF318F830A700843ED3 /* CMYKTetrominoData.m */,
				173A2D66190A9DCB00BED095 /* CMYKFadeFromWhiteAnimator.h */,
				173A2D67190A9DCB00BED095 /* CMYKFadeFromWhiteAnimator.m */,
				173A2D69190AB9AF00BED095 /* CMYKSceneDelegate.h */,
				17D85BBF190EEEFB00887DA0 /* CMYKDarkenAnimator.h */,
				17D85BC0190EEEFB00887DA0 /* CMYKDarkenAnimator.m */,
			);
			path = Implementation;
			sourceTree = "<group>";
		};
		177D101318F587AE0055496E /* Resources */ = {
			isa = PBXGroup;
			children = (
				174A0D811902BE5600988D91 /* texturedvertex.vsh */,
				174A0D7F1902BD6100988D91 /* textured.fsh */,
				177D101B18F59B740055496E /* flatcolor.fsh */,
				177D101418F587C50055496E /* subtractive.fsh */,
				177D101518F587C50055496E /* simplevertex.vsh */,
			);
			name = Resources;
			sourceTree = "<group>";
		};
/* End PBXGroup section */

/* Begin PBXNativeTarget section */
		177D0FB018F44B8A0055496E /* CMYK */ = {
			isa = PBXNativeTarget;
			buildConfigurationList = 177D0FEE18F44B8A0055496E /* Build configuration list for PBXNativeTarget "CMYK" */;
			buildPhases = (
				177D0FAD18F44B8A0055496E /* Sources */,
				177D0FAE18F44B8A0055496E /* Frameworks */,
				177D0FAF18F44B8A0055496E /* Resources */,
			);
			buildRules = (
			);
			dependencies = (
			);
			name = CMYK;
			productName = CMYK;
			productReference = 177D0FB118F44B8A0055496E /* CMYK.app */;
			productType = "com.apple.product-type.application";
		};
		177D0FDC18F44B8A0055496E /* CMYKTests */ = {
			isa = PBXNativeTarget;
			buildConfigurationList = 177D0FF118F44B8A0055496E /* Build configuration list for PBXNativeTarget "CMYKTests" */;
			buildPhases = (
				177D0FD918F44B8A0055496E /* Sources */,
				177D0FDA18F44B8A0055496E /* Frameworks */,
				177D0FDB18F44B8A0055496E /* Resources */,
			);
			buildRules = (
			);
			dependencies = (
				177D0FE318F44B8A0055496E /* PBXTargetDependency */,
			);
			name = CMYKTests;
			productName = CMYKTests;
			productReference = 177D0FDD18F44B8A0055496E /* CMYKTests.xctest */;
			productType = "com.apple.product-type.bundle.unit-test";
		};
/* End PBXNativeTarget section */

/* Begin PBXProject section */
		177D0FA918F44B8A0055496E /* Project object */ = {
			isa = PBXProject;
			attributes = {
				LastUpgradeCheck = 0510;
				ORGANIZATIONNAME = "Emiel Lensink";
				TargetAttributes = {
					177D0FB018F44B8A0055496E = {
						DevelopmentTeam = 9458LNHEKL;
						SystemCapabilities = {
							com.apple.GameCenter = {
								enabled = 1;
							};
						};
					};
					177D0FDC18F44B8A0055496E = {
						TestTargetID = 177D0FB018F44B8A0055496E;
					};
				};
			};
			buildConfigurationList = 177D0FAC18F44B8A0055496E /* Build configuration list for PBXProject "CMYK" */;
			compatibilityVersion = "Xcode 3.2";
			developmentRegion = English;
			hasScannedForEncodings = 0;
			knownRegions = (
				en,
				Base,
			);
			mainGroup = 177D0FA818F44B8A0055496E;
			productRefGroup = 177D0FB218F44B8A0055496E /* Products */;
			projectDirPath = "";
			projectRoot = "";
			targets = (
				177D0FB018F44B8A0055496E /* CMYK */,
				177D0FDC18F44B8A0055496E /* CMYKTests */,
			);
		};
/* End PBXProject section */

/* Begin PBXResourcesBuildPhase section */
		177D0FAF18F44B8A0055496E /* Resources */ = {
			isa = PBXResourcesBuildPhase;
			buildActionMask = 2147483647;
			files = (
				174A0DF81903196F00988D91 /* tetromino6@2x.png in Resources */,
				174A0DEE1903196F00988D91 /* tetromino1@2x.png in Resources */,
				174A0DEB1903196F00988D91 /* tetromino0.png in Resources */,
				174A0DF71903196F00988D91 /* tetromino6.png in Resources */,
				174A0D801902BD6100988D91 /* textured.fsh in Resources */,
				174A0DF41903196F00988D91 /* tetromino4@2x.png in Resources */,
				177D0FCF18F44B8A0055496E /* Main_iPad.storyboard in Resources */,
				174A0DED1903196F00988D91 /* tetromino1.png in Resources */,
				177D101618F587C50055496E /* subtractive.fsh in Resources */,
				174A0DF91903196F00988D91 /* yellow_circle.png in Resources */,
				174A0DF51903196F00988D91 /* tetromino5.png in Resources */,
				174A0DF21903196F00988D91 /* tetromino3@2x.png in Resources */,
				174A0DE91903196F00988D91 /* magenta_circle.png in Resources */,
				174A0DEA1903196F00988D91 /* magenta_circle@2x.png in Resources */,
				174A0DEC1903196F00988D91 /* tetromino0@2x.png in Resources */,
				177D101718F587C50055496E /* simplevertex.vsh in Resources */,
				174A0DF01903196F00988D91 /* tetromino2@2x.png in Resources */,
				177D101C18F59B740055496E /* flatcolor.fsh in Resources */,
				177D0FCC18F44B8A0055496E /* Main_iPhone.storyboard in Resources */,
				174A0DF11903196F00988D91 /* tetromino3.png in Resources */,
				174A0DE71903196F00988D91 /* cyan_circle.png in Resources */,
				174A0DE81903196F00988D91 /* cyan_circle@2x.png in Resources */,
				177D0FD818F44B8A0055496E /* Images.xcassets in Resources */,
				174A0D821902BE5600988D91 /* texturedvertex.vsh in Resources */,
				174A0DF61903196F00988D91 /* tetromino5@2x.png in Resources */,
				174A0DEF1903196F00988D91 /* tetromino2.png in Resources */,
				174A0DFA1903196F00988D91 /* yellow_circle@2x.png in Resources */,
				174A0DF31903196F00988D91 /* tetromino4.png in Resources */,
				177D0FC318F44B8A0055496E /* InfoPlist.strings in Resources */,
			);
			runOnlyForDeploymentPostprocessing = 0;
		};
		177D0FDB18F44B8A0055496E /* Resources */ = {
			isa = PBXResourcesBuildPhase;
			buildActionMask = 2147483647;
			files = (
				177D0FE918F44B8A0055496E /* InfoPlist.strings in Resources */,
			);
			runOnlyForDeploymentPostprocessing = 0;
		};
/* End PBXResourcesBuildPhase section */

/* Begin PBXSourcesBuildPhase section */
		177D0FAD18F44B8A0055496E /* Sources */ = {
			isa = PBXSourcesBuildPhase;
			buildActionMask = 2147483647;
			files = (
				177D100F18F56FD30055496E /* QX3DMaterial.m in Sources */,
				177D101F18F59C7C0055496E /* CMYKWaveAnimator.m in Sources */,
				177D0FD618F44B8A0055496E /* ViewController.m in Sources */,
				174A0D851902BFC600988D91 /* CMYKRenderableTexturedSquare.m in Sources */,
				177D0FFC18F4658A0055496E /* QX3DScene.m in Sources */,
				177D100318F520800055496E /* QX3DObject.m in Sources */,
				17D95BF718F835BA00843ED3 /* CMYKRenderableTetrominoPreview.m in Sources */,
				177D101A18F5941F0055496E /* CMYKRotationAnimator.m in Sources */,
				17D95BF118F6DF3100843ED3 /* CMYKTetromino.m in Sources */,
				17D95BEE18F6D06B00843ED3 /* CMYKTileStack.m in Sources */,
				177D101218F5795F0055496E /* CMYKRenderableSquare.m in Sources */,
				17D85BC1190EEEFB00887DA0 /* CMYKDarkenAnimator.m in Sources */,
				177D100018F4663D0055496E /* CMYKScene.m in Sources */,
				177D100B18F569240055496E /* QX3DRenderable.m in Sources */,
				177D100718F53D560055496E /* QX3DAnimator.m in Sources */,
				177D0FF918F44D710055496E /* QX3DEngine.m in Sources */,
				17D95BF418F830A700843ED3 /* CMYKTetrominoData.m in Sources */,
				173A2D68190A9DCB00BED095 /* CMYKFadeFromWhiteAnimator.m in Sources */,
				177D0FC918F44B8A0055496E /* AppDelegate.m in Sources */,
				177D0FC518F44B8A0055496E /* main.m in Sources */,
			);
			runOnlyForDeploymentPostprocessing = 0;
		};
		177D0FD918F44B8A0055496E /* Sources */ = {
			isa = PBXSourcesBuildPhase;
			buildActionMask = 2147483647;
			files = (
				177D0FEB18F44B8A0055496E /* CMYKTests.m in Sources */,
			);
			runOnlyForDeploymentPostprocessing = 0;
		};
/* End PBXSourcesBuildPhase section */

/* Begin PBXTargetDependency section */
		177D0FE318F44B8A0055496E /* PBXTargetDependency */ = {
			isa = PBXTargetDependency;
			target = 177D0FB018F44B8A0055496E /* CMYK */;
			targetProxy = 177D0FE218F44B8A0055496E /* PBXContainerItemProxy */;
		};
/* End PBXTargetDependency section */

/* Begin PBXVariantGroup section */
		177D0FC118F44B8A0055496E /* InfoPlist.strings */ = {
			isa = PBXVariantGroup;
			children = (
				177D0FC218F44B8A0055496E /* en */,
			);
			name = InfoPlist.strings;
			sourceTree = "<group>";
		};
		177D0FCA18F44B8A0055496E /* Main_iPhone.storyboard */ = {
			isa = PBXVariantGroup;
			children = (
				177D0FCB18F44B8A0055496E /* Base */,
			);
			name = Main_iPhone.storyboard;
			sourceTree = "<group>";
		};
		177D0FCD18F44B8A0055496E /* Main_iPad.storyboard */ = {
			isa = PBXVariantGroup;
			children = (
				177D0FCE18F44B8A0055496E /* Base */,
			);
			name = Main_iPad.storyboard;
			sourceTree = "<group>";
		};
		177D0FE718F44B8A0055496E /* InfoPlist.strings */ = {
			isa = PBXVariantGroup;
			children = (
				177D0FE818F44B8A0055496E /* en */,
			);
			name = InfoPlist.strings;
			sourceTree = "<group>";
		};
/* End PBXVariantGroup section */

/* Begin XCBuildConfiguration section */
		177D0FEC18F44B8A0055496E /* Debug */ = {
			isa = XCBuildConfiguration;
			buildSettings = {
				ALWAYS_SEARCH_USER_PATHS = NO;
				CLANG_CXX_LANGUAGE_STANDARD = "gnu++0x";
				CLANG_CXX_LIBRARY = "libc++";
				CLANG_ENABLE_MODULES = YES;
				CLANG_ENABLE_OBJC_ARC = YES;
				CLANG_WARN_BOOL_CONVERSION = YES;
				CLANG_WARN_CONSTANT_CONVERSION = YES;
				CLANG_WARN_DIRECT_OBJC_ISA_USAGE = YES_ERROR;
				CLANG_WARN_EMPTY_BODY = YES;
				CLANG_WARN_ENUM_CONVERSION = YES;
				CLANG_WARN_INT_CONVERSION = YES;
				CLANG_WARN_OBJC_ROOT_CLASS = YES_ERROR;
				CLANG_WARN__DUPLICATE_METHOD_MATCH = YES;
				"CODE_SIGN_IDENTITY[sdk=iphoneos*]" = "iPhone Developer";
				COPY_PHASE_STRIP = NO;
				GCC_C_LANGUAGE_STANDARD = gnu99;
				GCC_DYNAMIC_NO_PIC = NO;
				GCC_OPTIMIZATION_LEVEL = 0;
				GCC_PREPROCESSOR_DEFINITIONS = (
					"DEBUG=1",
					"$(inherited)",
				);
				GCC_SYMBOLS_PRIVATE_EXTERN = NO;
				GCC_WARN_64_TO_32_BIT_CONVERSION = YES;
				GCC_WARN_ABOUT_RETURN_TYPE = YES_ERROR;
				GCC_WARN_UNDECLARED_SELECTOR = YES;
				GCC_WARN_UNINITIALIZED_AUTOS = YES_AGGRESSIVE;
				GCC_WARN_UNUSED_FUNCTION = YES;
				GCC_WARN_UNUSED_VARIABLE = YES;
				IPHONEOS_DEPLOYMENT_TARGET = 7.1;
				ONLY_ACTIVE_ARCH = YES;
				SDKROOT = iphoneos;
				TARGETED_DEVICE_FAMILY = "1,2";
			};
			name = Debug;
		};
		177D0FED18F44B8A0055496E /* Release */ = {
			isa = XCBuildConfiguration;
			buildSettings = {
				ALWAYS_SEARCH_USER_PATHS = NO;
				CLANG_CXX_LANGUAGE_STANDARD = "gnu++0x";
				CLANG_CXX_LIBRARY = "libc++";
				CLANG_ENABLE_MODULES = YES;
				CLANG_ENABLE_OBJC_ARC = YES;
				CLANG_WARN_BOOL_CONVERSION = YES;
				CLANG_WARN_CONSTANT_CONVERSION = YES;
				CLANG_WARN_DIRECT_OBJC_ISA_USAGE = YES_ERROR;
				CLANG_WARN_EMPTY_BODY = YES;
				CLANG_WARN_ENUM_CONVERSION = YES;
				CLANG_WARN_INT_CONVERSION = YES;
				CLANG_WARN_OBJC_ROOT_CLASS = YES_ERROR;
				CLANG_WARN__DUPLICATE_METHOD_MATCH = YES;
				"CODE_SIGN_IDENTITY[sdk=iphoneos*]" = "iPhone Developer";
				COPY_PHASE_STRIP = YES;
				ENABLE_NS_ASSERTIONS = NO;
				GCC_C_LANGUAGE_STANDARD = gnu99;
				GCC_WARN_64_TO_32_BIT_CONVERSION = YES;
				GCC_WARN_ABOUT_RETURN_TYPE = YES_ERROR;
				GCC_WARN_UNDECLARED_SELECTOR = YES;
				GCC_WARN_UNINITIALIZED_AUTOS = YES_AGGRESSIVE;
				GCC_WARN_UNUSED_FUNCTION = YES;
				GCC_WARN_UNUSED_VARIABLE = YES;
				IPHONEOS_DEPLOYMENT_TARGET = 7.1;
				SDKROOT = iphoneos;
				TARGETED_DEVICE_FAMILY = "1,2";
				VALIDATE_PRODUCT = YES;
			};
			name = Release;
		};
		177D0FEF18F44B8A0055496E /* Debug */ = {
			isa = XCBuildConfiguration;
			buildSettings = {
				ASSETCATALOG_COMPILER_APPICON_NAME = AppIcon;
				ASSETCATALOG_COMPILER_LAUNCHIMAGE_NAME = LaunchImage;
				CODE_SIGN_IDENTITY = "iPhone Developer";
				"CODE_SIGN_IDENTITY[sdk=iphoneos*]" = "iPhone Developer";
				GCC_PRECOMPILE_PREFIX_HEADER = YES;
				GCC_PREFIX_HEADER = "CMYK/CMYK-Prefix.pch";
				INFOPLIST_FILE = "CMYK/CMYK-Info.plist";
				PRODUCT_NAME = "$(TARGET_NAME)";
				PROVISIONING_PROFILE = "";
				WRAPPER_EXTENSION = app;
			};
			name = Debug;
		};
		177D0FF018F44B8A0055496E /* Release */ = {
			isa = XCBuildConfiguration;
			buildSettings = {
				ASSETCATALOG_COMPILER_APPICON_NAME = AppIcon;
				ASSETCATALOG_COMPILER_LAUNCHIMAGE_NAME = LaunchImage;
				CODE_SIGN_IDENTITY = "iPhone Developer";
				"CODE_SIGN_IDENTITY[sdk=iphoneos*]" = "iPhone Developer";
				GCC_PRECOMPILE_PREFIX_HEADER = YES;
				GCC_PREFIX_HEADER = "CMYK/CMYK-Prefix.pch";
				INFOPLIST_FILE = "CMYK/CMYK-Info.plist";
				PRODUCT_NAME = "$(TARGET_NAME)";
				PROVISIONING_PROFILE = "";
				WRAPPER_EXTENSION = app;
			};
			name = Release;
		};
		177D0FF218F44B8A0055496E /* Debug */ = {
			isa = XCBuildConfiguration;
			buildSettings = {
				BUNDLE_LOADER = "$(BUILT_PRODUCTS_DIR)/CMYK.app/CMYK";
				FRAMEWORK_SEARCH_PATHS = (
					"$(SDKROOT)/Developer/Library/Frameworks",
					"$(inherited)",
					"$(DEVELOPER_FRAMEWORKS_DIR)",
				);
				GCC_PRECOMPILE_PREFIX_HEADER = YES;
				GCC_PREFIX_HEADER = "CMYK/CMYK-Prefix.pch";
				GCC_PREPROCESSOR_DEFINITIONS = (
					"DEBUG=1",
					"$(inherited)",
				);
				INFOPLIST_FILE = "CMYKTests/CMYKTests-Info.plist";
				PRODUCT_NAME = "$(TARGET_NAME)";
				TEST_HOST = "$(BUNDLE_LOADER)";
				WRAPPER_EXTENSION = xctest;
			};
			name = Debug;
		};
		177D0FF318F44B8A0055496E /* Release */ = {
			isa = XCBuildConfiguration;
			buildSettings = {
				BUNDLE_LOADER = "$(BUILT_PRODUCTS_DIR)/CMYK.app/CMYK";
				FRAMEWORK_SEARCH_PATHS = (
					"$(SDKROOT)/Developer/Library/Frameworks",
					"$(inherited)",
					"$(DEVELOPER_FRAMEWORKS_DIR)",
				);
				GCC_PRECOMPILE_PREFIX_HEADER = YES;
				GCC_PREFIX_HEADER = "CMYK/CMYK-Prefix.pch";
				INFOPLIST_FILE = "CMYKTests/CMYKTests-Info.plist";
				PRODUCT_NAME = "$(TARGET_NAME)";
				TEST_HOST = "$(BUNDLE_LOADER)";
				WRAPPER_EXTENSION = xctest;
			};
			name = Release;
		};
/* End XCBuildConfiguration section */

/* Begin XCConfigurationList section */
		177D0FAC18F44B8A0055496E /* Build configuration list for PBXProject "CMYK" */ = {
			isa = XCConfigurationList;
			buildConfigurations = (
				177D0FEC18F44B8A0055496E /* Debug */,
				177D0FED18F44B8A0055496E /* Release */,
			);
			defaultConfigurationIsVisible = 0;
			defaultConfigurationName = Release;
		};
		177D0FEE18F44B8A0055496E /* Build configuration list for PBXNativeTarget "CMYK" */ = {
			isa = XCConfigurationList;
			buildConfigurations = (
				177D0FEF18F44B8A0055496E /* Debug */,
				177D0FF018F44B8A0055496E /* Release */,
			);
			defaultConfigurationIsVisible = 0;
			defaultConfigurationName = Release;
		};
		177D0FF118F44B8A0055496E /* Build configuration list for PBXNativeTarget "CMYKTests" */ = {
			isa = XCConfigurationList;
			buildConfigurations = (
				177D0FF218F44B8A0055496E /* Debug */,
				177D0FF318F44B8A0055496E /* Release */,
			);
			defaultConfigurationIsVisible = 0;
			defaultConfigurationName = Release;
		};
/* End XCConfigurationList section */
	};
	rootObject = 177D0FA918F44B8A0055496E /* Project object */;
}
